// !$*UTF8*$!
{
	archiveVersion = 1;
	classes = {
	};
	objectVersion = 46;
	objects = {

/* Begin PBXBuildFile section */
		A231CCE81D62BED800F9E3CE /* main.m in Sources */ = {isa = PBXBuildFile; fileRef = A231CCE71D62BED800F9E3CE /* main.m */; };
		A231CCEB1D62BED800F9E3CE /* AppDelegate.m in Sources */ = {isa = PBXBuildFile; fileRef = A231CCEA1D62BED800F9E3CE /* AppDelegate.m */; };
		A231CCEE1D62BED800F9E3CE /* ViewController.m in Sources */ = {isa = PBXBuildFile; fileRef = A231CCED1D62BED800F9E3CE /* ViewController.m */; };
		A231CCF11D62BED800F9E3CE /* Main.storyboard in Resources */ = {isa = PBXBuildFile; fileRef = A231CCEF1D62BED800F9E3CE /* Main.storyboard */; };
		A231CCF31D62BED800F9E3CE /* Assets.xcassets in Resources */ = {isa = PBXBuildFile; fileRef = A231CCF21D62BED800F9E3CE /* Assets.xcassets */; };
		A231CCF61D62BED800F9E3CE /* LaunchScreen.storyboard in Resources */ = {isa = PBXBuildFile; fileRef = A231CCF41D62BED800F9E3CE /* LaunchScreen.storyboard */; };
/* End PBXBuildFile section */

/* Begin PBXFileReference section */
		A231CCE31D62BED700F9E3CE /* buddyBuildGitDemo.app */ = {isa = PBXFileReference; explicitFileType = wrapper.application; includeInIndex = 0; path = buddyBuildGitDemo.app; sourceTree = BUILT_PRODUCTS_DIR; };
		A231CCE71D62BED800F9E3CE /* main.m */ = {isa = PBXFileReference; lastKnownFileType = sourcecode.c.objc; path = main.m; sourceTree = "<group>"; };
		A231CCE91D62BED800F9E3CE /* AppDelegate.h */ = {isa = PBXFileReference; lastKnownFileType = sourcecode.c.h; path = AppDelegate.h; sourceTree = "<group>"; };
		A231CCEA1D62BED800F9E3CE /* AppDelegate.m */ = {isa = PBXFileReference; lastKnownFileType = sourcecode.c.objc; path = AppDelegate.m; sourceTree = "<group>"; };
		A231CCEC1D62BED800F9E3CE /* ViewController.h */ = {isa = PBXFileReference; lastKnownFileType = sourcecode.c.h; path = ViewController.h; sourceTree = "<group>"; };
		A231CCED1D62BED800F9E3CE /* ViewController.m */ = {isa = PBXFileReference; lastKnownFileType = sourcecode.c.objc; path = ViewController.m; sourceTree = "<group>"; };
		A231CCF01D62BED800F9E3CE /* Base */ = {isa = PBXFileReference; lastKnownFileType = file.storyboard; name = Base; path = Base.lproj/Main.storyboard; sourceTree = "<group>"; };
		A231CCF21D62BED800F9E3CE /* Assets.xcassets */ = {isa = PBXFileReference; lastKnownFileType = folder.assetcatalog; path = Assets.xcassets; sourceTree = "<group>"; };
		A231CCF51D62BED800F9E3CE /* Base */ = {isa = PBXFileReference; lastKnownFileType = file.storyboard; name = Base; path = Base.lproj/LaunchScreen.storyboard; sourceTree = "<group>"; };
		A231CCF71D62BED800F9E3CE /* Info.plist */ = {isa = PBXFileReference; lastKnownFileType = text.plist.xml; path = Info.plist; sourceTree = "<group>"; };
/* End PBXFileReference section */

/* Begin PBXFrameworksBuildPhase section */
		A231CCE01D62BED700F9E3CE /* Frameworks */ = {
			isa = PBXFrameworksBuildPhase;
			buildActionMask = 2147483647;
			files = (
			);
			runOnlyForDeploymentPostprocessing = 0;
		};
/* End PBXFrameworksBuildPhase section */

/* Begin PBXGroup section */
		A231CCDA1D62BED700F9E3CE = {
			isa = PBXGroup;
			children = (
				A231CCE51D62BED800F9E3CE /* buddyBuildGitDemo */,
				A231CCE41D62BED700F9E3CE /* Products */,
			);
			sourceTree = "<group>";
		};
		A231CCE41D62BED700F9E3CE /* Products */ = {
			isa = PBXGroup;
			children = (
				A231CCE31D62BED700F9E3CE /* buddyBuildGitDemo.app */,
			);
			name = Products;
			sourceTree = "<group>";
		};
		A231CCE51D62BED800F9E3CE /* buddyBuildGitDemo */ = {
			isa = PBXGroup;
			children = (
				A231CCE91D62BED800F9E3CE /* AppDelegate.h */,
				A231CCEA1D62BED800F9E3CE /* AppDelegate.m */,
				A231CCEC1D62BED800F9E3CE /* ViewController.h */,
				A231CCED1D62BED800F9E3CE /* ViewController.m */,
				A231CCEF1D62BED800F9E3CE /* Main.storyboard */,
				A231CCF21D62BED800F9E3CE /* Assets.xcassets */,
				A231CCF41D62BED800F9E3CE /* LaunchScreen.storyboard */,
				A231CCF71D62BED800F9E3CE /* Info.plist */,
				A231CCE61D62BED800F9E3CE /* Supporting Files */,
			);
			path = buddyBuildGitDemo;
			sourceTree = "<group>";
		};
		A231CCE61D62BED800F9E3CE /* Supporting Files */ = {
			isa = PBXGroup;
			children = (
				A231CCE71D62BED800F9E3CE /* main.m */,
			);
			name = "Supporting Files";
			sourceTree = "<group>";
		};
/* End PBXGroup section */

/* Begin PBXNativeTarget section */
		A231CCE21D62BED700F9E3CE /* buddyBuildGitDemo */ = {
			isa = PBXNativeTarget;
			buildConfigurationList = A231CCFA1D62BED800F9E3CE /* Build configuration list for PBXNativeTarget "buddyBuildGitDemo" */;
			buildPhases = (
				A231CCDF1D62BED700F9E3CE /* Sources */,
				A231CCE01D62BED700F9E3CE /* Frameworks */,
				A231CCE11D62BED700F9E3CE /* Resources */,
			);
			buildRules = (
			);
			dependencies = (
			);
			name = buddyBuildGitDemo;
			productName = buddyBuildGitDemo;
			productReference = A231CCE31D62BED700F9E3CE /* buddyBuildGitDemo.app */;
			productType = "com.apple.product-type.application";
		};
/* End PBXNativeTarget section */

/* Begin PBXProject section */
		A231CCDB1D62BED700F9E3CE /* Project object */ = {
			isa = PBXProject;
			attributes = {
				LastUpgradeCheck = 0730;
				ORGANIZATIONNAME = "Swati Aggarwal";
				TargetAttributes = {
					A231CCE21D62BED700F9E3CE = {
						CreatedOnToolsVersion = 7.3;
						DevelopmentTeam = 8839WMWNT5;
					};
				};
			};
			buildConfigurationList = A231CCDE1D62BED700F9E3CE /* Build configuration list for PBXProject "buddyBuildGitDemo" */;
			compatibilityVersion = "Xcode 3.2";
			developmentRegion = English;
			hasScannedForEncodings = 0;
			knownRegions = (
				en,
				Base,
			);
			mainGroup = A231CCDA1D62BED700F9E3CE;
			productRefGroup = A231CCE41D62BED700F9E3CE /* Products */;
			projectDirPath = "";
			projectRoot = "";
			targets = (
				A231CCE21D62BED700F9E3CE /* buddyBuildGitDemo */,
			);
		};
/* End PBXProject section */

/* Begin PBXResourcesBuildPhase section */
		A231CCE11D62BED700F9E3CE /* Resources */ = {
			isa = PBXResourcesBuildPhase;
			buildActionMask = 2147483647;
			files = (
				A231CCF61D62BED800F9E3CE /* LaunchScreen.storyboard in Resources */,
				A231CCF31D62BED800F9E3CE /* Assets.xcassets in Resources */,
				A231CCF11D62BED800F9E3CE /* Main.storyboard in Resources */,
			);
			runOnlyForDeploymentPostprocessing = 0;
		};
/* End PBXResourcesBuildPhase section */

/* Begin PBXSourcesBuildPhase section */
		A231CCDF1D62BED700F9E3CE /* Sources */ = {
			isa = PBXSourcesBuildPhase;
			buildActionMask = 2147483647;
			files = (
				A231CCEE1D62BED800F9E3CE /* ViewController.m in Sources */,
				A231CCEB1D62BED800F9E3CE /* AppDelegate.m in Sources */,
				A231CCE81D62BED800F9E3CE /* main.m in Sources */,
			);
			runOnlyForDeploymentPostprocessing = 0;
		};
/* End PBXSourcesBuildPhase section */

/* Begin PBXVariantGroup section */
		A231CCEF1D62BED800F9E3CE /* Main.storyboard */ = {
			isa = PBXVariantGroup;
			children = (
				A231CCF01D62BED800F9E3CE /* Base */,
			);
			name = Main.storyboard;
			sourceTree = "<group>";
		};
		A231CCF41D62BED800F9E3CE /* LaunchScreen.storyboard */ = {
			isa = PBXVariantGroup;
			children = (
				A231CCF51D62BED800F9E3CE /* Base */,
			);
			name = LaunchScreen.storyboard;
			sourceTree = "<group>";
		};
/* End PBXVariantGroup section */

/* Begin XCBuildConfiguration section */
		A231CCF81D62BED800F9E3CE /* Debug */ = {
			isa = XCBuildConfiguration;
			buildSettings = {
				ALWAYS_SEARCH_USER_PATHS = NO;
				CLANG_ANALYZER_NONNULL = YES;
				CLANG_CXX_LANGUAGE_STANDARD = "gnu++0x";
				CLANG_CXX_LIBRARY = "libc++";
				CLANG_ENABLE_MODULES = YES;
				CLANG_ENABLE_OBJC_ARC = YES;
				CLANG_WARN_BOOL_CONVERSION = YES;
				CLANG_WARN_CONSTANT_CONVERSION = YES;
				CLANG_WARN_DIRECT_OBJC_ISA_USAGE = YES_ERROR;
				CLANG_WARN_EMPTY_BODY = YES;
				CLANG_WARN_ENUM_CONVERSION = YES;
				CLANG_WARN_INT_CONVERSION = YES;
				CLANG_WARN_OBJC_ROOT_CLASS = YES_ERROR;
				CLANG_WARN_UNREACHABLE_CODE = YES;
				CLANG_WARN__DUPLICATE_METHOD_MATCH = YES;
				"CODE_SIGN_IDENTITY[sdk=iphoneos*]" = "iPhone Developer";
				COPY_PHASE_STRIP = NO;
				DEBUG_INFORMATION_FORMAT = dwarf;
				ENABLE_STRICT_OBJC_MSGSEND = YES;
				ENABLE_TESTABILITY = YES;
				GCC_C_LANGUAGE_STANDARD = gnu99;
				GCC_DYNAMIC_NO_PIC = NO;
				GCC_NO_COMMON_BLOCKS = YES;
				GCC_OPTIMIZATION_LEVEL = 0;
				GCC_PREPROCESSOR_DEFINITIONS = (
					"DEBUG=1",
					"$(inherited)",
				);
				GCC_WARN_64_TO_32_BIT_CONVERSION = YES;
				GCC_WARN_ABOUT_RETURN_TYPE = YES_ERROR;
				GCC_WARN_UNDECLARED_SELECTOR = YES;
				GCC_WARN_UNINITIALIZED_AUTOS = YES_AGGRESSIVE;
				GCC_WARN_UNUSED_FUNCTION = YES;
				GCC_WARN_UNUSED_VARIABLE = YES;
				IPHONEOS_DEPLOYMENT_TARGET = 9.3;
				MTL_ENABLE_DEBUG_INFO = YES;
				ONLY_ACTIVE_ARCH = YES;
				SDKROOT = iphoneos;
			};
			name = Debug;
		};
		A231CCF91D62BED800F9E3CE /* Release */ = {
			isa = XCBuildConfiguration;
			buildSettings = {
				ALWAYS_SEARCH_USER_PATHS = NO;
				CLANG_ANALYZER_NONNULL = YES;
				CLANG_CXX_LANGUAGE_STANDARD = "gnu++0x";
				CLANG_CXX_LIBRARY = "libc++";
				CLANG_ENABLE_MODULES = YES;
				CLANG_ENABLE_OBJC_ARC = YES;
				CLANG_WARN_BOOL_CONVERSION = YES;
				CLANG_WARN_CONSTANT_CONVERSION = YES;
				CLANG_WARN_DIRECT_OBJC_ISA_USAGE = YES_ERROR;
				CLANG_WARN_EMPTY_BODY = YES;
				CLANG_WARN_ENUM_CONVERSION = YES;
				CLANG_WARN_INT_CONVERSION = YES;
				CLANG_WARN_OBJC_ROOT_CLASS = YES_ERROR;
				CLANG_WARN_UNREACHABLE_CODE = YES;
				CLANG_WARN__DUPLICATE_METHOD_MATCH = YES;
				"CODE_SIGN_IDENTITY[sdk=iphoneos*]" = "iPhone Developer";
				COPY_PHASE_STRIP = NO;
				DEBUG_INFORMATION_FORMAT = "dwarf-with-dsym";
				ENABLE_NS_ASSERTIONS = NO;
				ENABLE_STRICT_OBJC_MSGSEND = YES;
				GCC_C_LANGUAGE_STANDARD = gnu99;
				GCC_NO_COMMON_BLOCKS = YES;
				GCC_WARN_64_TO_32_BIT_CONVERSION = YES;
				GCC_WARN_ABOUT_RETURN_TYPE = YES_ERROR;
				GCC_WARN_UNDECLARED_SELECTOR = YES;
				GCC_WARN_UNINITIALIZED_AUTOS = YES_AGGRESSIVE;
				GCC_WARN_UNUSED_FUNCTION = YES;
				GCC_WARN_UNUSED_VARIABLE = YES;
				IPHONEOS_DEPLOYMENT_TARGET = 9.3;
				MTL_ENABLE_DEBUG_INFO = NO;
				SDKROOT = iphoneos;
				VALIDATE_PRODUCT = YES;
			};
			name = Release;
		};
		A231CCFB1D62BED800F9E3CE /* Debug */ = {
			isa = XCBuildConfiguration;
			buildSettings = {
				ASSETCATALOG_COMPILER_APPICON_NAME = AppIcon;
				CODE_SIGN_IDENTITY = "iPhone Developer";
				"CODE_SIGN_IDENTITY[sdk=iphoneos*]" = "iPhone Developer";
				INFOPLIST_FILE = buddyBuildGitDemo/Info.plist;
				LD_RUNPATH_SEARCH_PATHS = "$(inherited) @executable_path/Frameworks";
				PRODUCT_BUNDLE_IDENTIFIER = Nagarro.buddyBuildGitDemo;
				PRODUCT_NAME = "$(TARGET_NAME)";
				PROVISIONING_PROFILE = "";
			};
			name = Debug;
		};
		A231CCFC1D62BED800F9E3CE /* Release */ = {
			isa = XCBuildConfiguration;
			buildSettings = {
				ASSETCATALOG_COMPILER_APPICON_NAME = AppIcon;
				CODE_SIGN_IDENTITY = "iPhone Developer";
				"CODE_SIGN_IDENTITY[sdk=iphoneos*]" = "iPhone Developer";
				INFOPLIST_FILE = buddyBuildGitDemo/Info.plist;
				LD_RUNPATH_SEARCH_PATHS = "$(inherited) @executable_path/Frameworks";
				PRODUCT_BUNDLE_IDENTIFIER = Nagarro.buddyBuildGitDemo;
				PRODUCT_NAME = "$(TARGET_NAME)";
				PROVISIONING_PROFILE = "";
			};
			name = Release;
		};
/* End XCBuildConfiguration section */

/* Begin XCConfigurationList section */
		A231CCDE1D62BED700F9E3CE /* Build configuration list for PBXProject "buddyBuildGitDemo" */ = {
			isa = XCConfigurationList;
			buildConfigurations = (
				A231CCF81D62BED800F9E3CE /* Debug */,
				A231CCF91D62BED800F9E3CE /* Release */,
			);
			defaultConfigurationIsVisible = 0;
			defaultConfigurationName = Release;
		};
		A231CCFA1D62BED800F9E3CE /* Build configuration list for PBXNativeTarget "buddyBuildGitDemo" */ = {
			isa = XCConfigurationList;
			buildConfigurations = (
				A231CCFB1D62BED800F9E3CE /* Debug */,
				A231CCFC1D62BED800F9E3CE /* Release */,
			);
			defaultConfigurationIsVisible = 0;
			defaultConfigurationName = Release;
		};
/* End XCConfigurationList section */
	};
	rootObject = A231CCDB1D62BED700F9E3CE /* Project object */;
}
